
Microsoft Visual Studio Solution File, Format Version 12.00
# Visual Studio Version 16
VisualStudioVersion = 16.0.28803.202
MinimumVisualStudioVersion = 10.0.40219.1
Project("{FAE04EC0-301F-11D3-BF4B-00C04F79EFBC}") = "OnlineLogViewer", "OnlineLogViewer\OnlineLogViewer.csproj", "{DCCF38FD-3A2B-42EC-8787-E49DA184B997}"
EndProject
Global
	GlobalSection(SolutionConfigurationPlatforms) = preSolution
		Debug|Any CPU = Debug|Any CPU
		Release|Any CPU = Release|Any CPU
	EndGlobalSection
	GlobalSection(ProjectConfigurationPlatforms) = postSolution
		{DCCF38FD-3A2B-42EC-8787-E49DA184B997}.Debug|Any CPU.ActiveCfg = Debug|Any CPU
		{DCCF38FD-3A2B-42EC-8787-E49DA184B997}.Debug|Any CPU.Build.0 = Debug|Any CPU
		{DCCF38FD-3A2B-42EC-8787-E49DA184B997}.Release|Any CPU.ActiveCfg = Release|Any CPU
		{DCCF38FD-3A2B-42EC-8787-E49DA184B997}.Release|Any CPU.Build.0 = Release|Any CPU
	EndGlobalSection
	GlobalSection(SolutionProperties) = preSolution
		HideSolutionNode = FALSE
	EndGlobalSection
	GlobalSection(ExtensibilityGlobals) = postSolution
		SolutionGuid = {E30D0D5F-3882-41F1-9C4E-96758ECF09F6}
	EndGlobalSection
EndGlobal
